
Microsoft Visual Studio Solution File, Format Version 12.00
# Visual Studio 15
VisualStudioVersion = 15.0.27004.2009
MinimumVisualStudioVersion = 10.0.40219.1
Project("{FAE04EC0-301F-11D3-BF4B-00C04F79EFBC}") = "Tut1", "Tut1\Tut1.csproj", "{12419BF8-2523-4A68-8AB6-98EF1D0D2DC0}"
EndProject
Global
	GlobalSection(SolutionConfigurationPlatforms) = preSolution
		Debug|Any CPU = Debug|Any CPU
		Release|Any CPU = Release|Any CPU
	EndGlobalSection
	GlobalSection(ProjectConfigurationPlatforms) = postSolution
		{12419BF8-2523-4A68-8AB6-98EF1D0D2DC0}.Debug|Any CPU.ActiveCfg = Debug|Any CPU
		{12419BF8-2523-4A68-8AB6-98EF1D0D2DC0}.Debug|Any CPU.Build.0 = Debug|Any CPU
		{12419BF8-2523-4A68-8AB6-98EF1D0D2DC0}.Release|Any CPU.ActiveCfg = Release|Any CPU
		{12419BF8-2523-4A68-8AB6-98EF1D0D2DC0}.Release|Any CPU.Build.0 = Release|Any CPU
	EndGlobalSection
	GlobalSection(SolutionProperties) = preSolution
		HideSolutionNode = FALSE
	EndGlobalSection
	GlobalSection(ExtensibilityGlobals) = postSolution
		SolutionGuid = {DE79EEEB-5848-4DB9-BBF8-DE6C632DF066}
	EndGlobalSection
EndGlobal
