
Microsoft Visual Studio Solution File, Format Version 12.00
# Visual Studio 15
VisualStudioVersion = 15.0.27004.2009
MinimumVisualStudioVersion = 10.0.40219.1
Project("{FAE04EC0-301F-11D3-BF4B-00C04F79EFBC}") = "Tut2", "Tut2\Tut2.csproj", "{D75C265E-9AF6-41B4-B54B-52D3C3570013}"
EndProject
Global
	GlobalSection(SolutionConfigurationPlatforms) = preSolution
		Debug|Any CPU = Debug|Any CPU
		Release|Any CPU = Release|Any CPU
	EndGlobalSection
	GlobalSection(ProjectConfigurationPlatforms) = postSolution
		{D75C265E-9AF6-41B4-B54B-52D3C3570013}.Debug|Any CPU.ActiveCfg = Debug|Any CPU
		{D75C265E-9AF6-41B4-B54B-52D3C3570013}.Debug|Any CPU.Build.0 = Debug|Any CPU
		{D75C265E-9AF6-41B4-B54B-52D3C3570013}.Release|Any CPU.ActiveCfg = Release|Any CPU
		{D75C265E-9AF6-41B4-B54B-52D3C3570013}.Release|Any CPU.Build.0 = Release|Any CPU
	EndGlobalSection
	GlobalSection(SolutionProperties) = preSolution
		HideSolutionNode = FALSE
	EndGlobalSection
	GlobalSection(ExtensibilityGlobals) = postSolution
		SolutionGuid = {9C065BD9-944F-4958-BBF3-ED84CB23E59A}
	EndGlobalSection
EndGlobal
